
Microsoft Visual Studio Solution File, Format Version 12.00
# Visual Studio Version 16
VisualStudioVersion = 16.0.32106.194
MinimumVisualStudioVersion = 10.0.40219.1
Project("{FAE04EC0-301F-11D3-BF4B-00C04F79EFBC}") = "ClientesAPI", "ClientesAPI\ClientesAPI.csproj", "{0B32E038-9D6B-4573-A051-795F64A981A5}"
EndProject
Global
	GlobalSection(SolutionConfigurationPlatforms) = preSolution
		Debug|Any CPU = Debug|Any CPU
		Release|Any CPU = Release|Any CPU
	EndGlobalSection
	GlobalSection(ProjectConfigurationPlatforms) = postSolution
		{0B32E038-9D6B-4573-A051-795F64A981A5}.Debug|Any CPU.ActiveCfg = Debug|Any CPU
		{0B32E038-9D6B-4573-A051-795F64A981A5}.Debug|Any CPU.Build.0 = Debug|Any CPU
		{0B32E038-9D6B-4573-A051-795F64A981A5}.Release|Any CPU.ActiveCfg = Release|Any CPU
		{0B32E038-9D6B-4573-A051-795F64A981A5}.Release|Any CPU.Build.0 = Release|Any CPU
	EndGlobalSection
	GlobalSection(SolutionProperties) = preSolution
		HideSolutionNode = FALSE
	EndGlobalSection
	GlobalSection(ExtensibilityGlobals) = postSolution
		SolutionGuid = {4A3CFFDD-CC5B-4097-9B9D-ED49DE28E3F2}
	EndGlobalSection
EndGlobal
